// !$*UTF8*$!
{
	archiveVersion = 1;
	classes = {
	};
	objectVersion = 55;
	objects = {

/* Begin PBXBuildFile section */
		76EFCDA428C1E00E00E7B6AD /* AppDelegate.swift in Sources */ = {isa = PBXBuildFile; fileRef = 76EFCDA328C1E00E00E7B6AD /* AppDelegate.swift */; };
		76EFCDA628C1E00E00E7B6AD /* SceneDelegate.swift in Sources */ = {isa = PBXBuildFile; fileRef = 76EFCDA528C1E00E00E7B6AD /* SceneDelegate.swift */; };
		76EFCDAD28C1E00F00E7B6AD /* Assets.xcassets in Resources */ = {isa = PBXBuildFile; fileRef = 76EFCDAC28C1E00F00E7B6AD /* Assets.xcassets */; };
		76EFCDBB28C1EC1C00E7B6AD /* BaseView.swift in Sources */ = {isa = PBXBuildFile; fileRef = 76EFCDBA28C1EC1C00E7B6AD /* BaseView.swift */; };
		76EFCDBD28C1EC2700E7B6AD /* BaseViewController.swift in Sources */ = {isa = PBXBuildFile; fileRef = 76EFCDBC28C1EC2700E7B6AD /* BaseViewController.swift */; };
		76EFCDBF28C1ED2A00E7B6AD /* WalkThroughView.swift in Sources */ = {isa = PBXBuildFile; fileRef = 76EFCDBE28C1ED2A00E7B6AD /* WalkThroughView.swift */; };
		76EFCDC128C1ED3900E7B6AD /* WalkThroughViewController.swift in Sources */ = {isa = PBXBuildFile; fileRef = 76EFCDC028C1ED3900E7B6AD /* WalkThroughViewController.swift */; };
		76EFCDC428C1ED9500E7B6AD /* SnapKit in Frameworks */ = {isa = PBXBuildFile; productRef = 76EFCDC328C1ED9500E7B6AD /* SnapKit */; };
/* End PBXBuildFile section */

/* Begin PBXFileReference section */
		76EFCDA028C1E00E00E7B6AD /* SeSAC-iphone-memo-app.app */ = {isa = PBXFileReference; explicitFileType = wrapper.application; includeInIndex = 0; path = "SeSAC-iphone-memo-app.app"; sourceTree = BUILT_PRODUCTS_DIR; };
		76EFCDA328C1E00E00E7B6AD /* AppDelegate.swift */ = {isa = PBXFileReference; lastKnownFileType = sourcecode.swift; path = AppDelegate.swift; sourceTree = "<group>"; };
		76EFCDA528C1E00E00E7B6AD /* SceneDelegate.swift */ = {isa = PBXFileReference; lastKnownFileType = sourcecode.swift; path = SceneDelegate.swift; sourceTree = "<group>"; };
		76EFCDAC28C1E00F00E7B6AD /* Assets.xcassets */ = {isa = PBXFileReference; lastKnownFileType = folder.assetcatalog; path = Assets.xcassets; sourceTree = "<group>"; };
		76EFCDB128C1E00F00E7B6AD /* Info.plist */ = {isa = PBXFileReference; lastKnownFileType = text.plist.xml; path = Info.plist; sourceTree = "<group>"; };
		76EFCDBA28C1EC1C00E7B6AD /* BaseView.swift */ = {isa = PBXFileReference; lastKnownFileType = sourcecode.swift; path = BaseView.swift; sourceTree = "<group>"; };
		76EFCDBC28C1EC2700E7B6AD /* BaseViewController.swift */ = {isa = PBXFileReference; lastKnownFileType = sourcecode.swift; path = BaseViewController.swift; sourceTree = "<group>"; };
		76EFCDBE28C1ED2A00E7B6AD /* WalkThroughView.swift */ = {isa = PBXFileReference; lastKnownFileType = sourcecode.swift; path = WalkThroughView.swift; sourceTree = "<group>"; };
		76EFCDC028C1ED3900E7B6AD /* WalkThroughViewController.swift */ = {isa = PBXFileReference; lastKnownFileType = sourcecode.swift; path = WalkThroughViewController.swift; sourceTree = "<group>"; };
/* End PBXFileReference section */

/* Begin PBXFrameworksBuildPhase section */
		76EFCD9D28C1E00E00E7B6AD /* Frameworks */ = {
			isa = PBXFrameworksBuildPhase;
			buildActionMask = 2147483647;
			files = (
				76EFCDC428C1ED9500E7B6AD /* SnapKit in Frameworks */,
			);
			runOnlyForDeploymentPostprocessing = 0;
		};
/* End PBXFrameworksBuildPhase section */

/* Begin PBXGroup section */
		76EFCD9728C1E00E00E7B6AD = {
			isa = PBXGroup;
			children = (
				76EFCDA228C1E00E00E7B6AD /* SeSAC-iphone-memo-app */,
				76EFCDA128C1E00E00E7B6AD /* Products */,
			);
			sourceTree = "<group>";
		};
		76EFCDA128C1E00E00E7B6AD /* Products */ = {
			isa = PBXGroup;
			children = (
				76EFCDA028C1E00E00E7B6AD /* SeSAC-iphone-memo-app.app */,
			);
			name = Products;
			sourceTree = "<group>";
		};
		76EFCDA228C1E00E00E7B6AD /* SeSAC-iphone-memo-app */ = {
			isa = PBXGroup;
			children = (
				76EFCDB128C1E00F00E7B6AD /* Info.plist */,
				76EFCDA328C1E00E00E7B6AD /* AppDelegate.swift */,
				76EFCDA528C1E00E00E7B6AD /* SceneDelegate.swift */,
				76EFCDB728C1E0F600E7B6AD /* Resources */,
				76EFCDB928C1EC0000E7B6AD /* ViewControllers */,
				76EFCDB828C1EBFA00E7B6AD /* Views */,
			);
			path = "SeSAC-iphone-memo-app";
			sourceTree = "<group>";
		};
		76EFCDB728C1E0F600E7B6AD /* Resources */ = {
			isa = PBXGroup;
			children = (
				76EFCDAC28C1E00F00E7B6AD /* Assets.xcassets */,
			);
			path = Resources;
			sourceTree = "<group>";
		};
		76EFCDB828C1EBFA00E7B6AD /* Views */ = {
			isa = PBXGroup;
			children = (
				76EFCDBA28C1EC1C00E7B6AD /* BaseView.swift */,
				76EFCDBE28C1ED2A00E7B6AD /* WalkThroughView.swift */,
			);
			path = Views;
			sourceTree = "<group>";
		};
		76EFCDB928C1EC0000E7B6AD /* ViewControllers */ = {
			isa = PBXGroup;
			children = (
				76EFCDBC28C1EC2700E7B6AD /* BaseViewController.swift */,
				76EFCDC028C1ED3900E7B6AD /* WalkThroughViewController.swift */,
			);
			path = ViewControllers;
			sourceTree = "<group>";
		};
/* End PBXGroup section */

/* Begin PBXNativeTarget section */
		76EFCD9F28C1E00E00E7B6AD /* SeSAC-iphone-memo-app */ = {
			isa = PBXNativeTarget;
			buildConfigurationList = 76EFCDB428C1E00F00E7B6AD /* Build configuration list for PBXNativeTarget "SeSAC-iphone-memo-app" */;
			buildPhases = (
				76EFCD9C28C1E00E00E7B6AD /* Sources */,
				76EFCD9D28C1E00E00E7B6AD /* Frameworks */,
				76EFCD9E28C1E00E00E7B6AD /* Resources */,
			);
			buildRules = (
			);
			dependencies = (
			);
			name = "SeSAC-iphone-memo-app";
			packageProductDependencies = (
				76EFCDC328C1ED9500E7B6AD /* SnapKit */,
			);
			productName = "SeSAC-iphone-memo-app";
			productReference = 76EFCDA028C1E00E00E7B6AD /* SeSAC-iphone-memo-app.app */;
			productType = "com.apple.product-type.application";
		};
/* End PBXNativeTarget section */

/* Begin PBXProject section */
		76EFCD9828C1E00E00E7B6AD /* Project object */ = {
			isa = PBXProject;
			attributes = {
				BuildIndependentTargetsInParallel = 1;
				LastSwiftUpdateCheck = 1330;
				LastUpgradeCheck = 1330;
				TargetAttributes = {
					76EFCD9F28C1E00E00E7B6AD = {
						CreatedOnToolsVersion = 13.3.1;
					};
				};
			};
			buildConfigurationList = 76EFCD9B28C1E00E00E7B6AD /* Build configuration list for PBXProject "SeSAC-iphone-memo-app" */;
			compatibilityVersion = "Xcode 13.0";
			developmentRegion = en;
			hasScannedForEncodings = 0;
			knownRegions = (
				en,
				Base,
			);
			mainGroup = 76EFCD9728C1E00E00E7B6AD;
			packageReferences = (
				76EFCDC228C1ED9500E7B6AD /* XCRemoteSwiftPackageReference "SnapKit" */,
			);
			productRefGroup = 76EFCDA128C1E00E00E7B6AD /* Products */;
			projectDirPath = "";
			projectRoot = "";
			targets = (
				76EFCD9F28C1E00E00E7B6AD /* SeSAC-iphone-memo-app */,
			);
		};
/* End PBXProject section */

/* Begin PBXResourcesBuildPhase section */
		76EFCD9E28C1E00E00E7B6AD /* Resources */ = {
			isa = PBXResourcesBuildPhase;
			buildActionMask = 2147483647;
			files = (
				76EFCDAD28C1E00F00E7B6AD /* Assets.xcassets in Resources */,
			);
			runOnlyForDeploymentPostprocessing = 0;
		};
/* End PBXResourcesBuildPhase section */

/* Begin PBXSourcesBuildPhase section */
		76EFCD9C28C1E00E00E7B6AD /* Sources */ = {
			isa = PBXSourcesBuildPhase;
			buildActionMask = 2147483647;
			files = (
				76EFCDBF28C1ED2A00E7B6AD /* WalkThroughView.swift in Sources */,
				76EFCDBB28C1EC1C00E7B6AD /* BaseView.swift in Sources */,
				76EFCDBD28C1EC2700E7B6AD /* BaseViewController.swift in Sources */,
				76EFCDC128C1ED3900E7B6AD /* WalkThroughViewController.swift in Sources */,
				76EFCDA428C1E00E00E7B6AD /* AppDelegate.swift in Sources */,
				76EFCDA628C1E00E00E7B6AD /* SceneDelegate.swift in Sources */,
			);
			runOnlyForDeploymentPostprocessing = 0;
		};
/* End PBXSourcesBuildPhase section */

/* Begin XCBuildConfiguration section */
		76EFCDB228C1E00F00E7B6AD /* Debug */ = {
			isa = XCBuildConfiguration;
			buildSettings = {
				ALWAYS_SEARCH_USER_PATHS = NO;
				CLANG_ANALYZER_NONNULL = YES;
				CLANG_ANALYZER_NUMBER_OBJECT_CONVERSION = YES_AGGRESSIVE;
				CLANG_CXX_LANGUAGE_STANDARD = "gnu++17";
				CLANG_ENABLE_MODULES = YES;
				CLANG_ENABLE_OBJC_ARC = YES;
				CLANG_ENABLE_OBJC_WEAK = YES;
				CLANG_WARN_BLOCK_CAPTURE_AUTORELEASING = YES;
				CLANG_WARN_BOOL_CONVERSION = YES;
				CLANG_WARN_COMMA = YES;
				CLANG_WARN_CONSTANT_CONVERSION = YES;
				CLANG_WARN_DEPRECATED_OBJC_IMPLEMENTATIONS = YES;
				CLANG_WARN_DIRECT_OBJC_ISA_USAGE = YES_ERROR;
				CLANG_WARN_DOCUMENTATION_COMMENTS = YES;
				CLANG_WARN_EMPTY_BODY = YES;
				CLANG_WARN_ENUM_CONVERSION = YES;
				CLANG_WARN_INFINITE_RECURSION = YES;
				CLANG_WARN_INT_CONVERSION = YES;
				CLANG_WARN_NON_LITERAL_NULL_CONVERSION = YES;
				CLANG_WARN_OBJC_IMPLICIT_RETAIN_SELF = YES;
				CLANG_WARN_OBJC_LITERAL_CONVERSION = YES;
				CLANG_WARN_OBJC_ROOT_CLASS = YES_ERROR;
				CLANG_WARN_QUOTED_INCLUDE_IN_FRAMEWORK_HEADER = YES;
				CLANG_WARN_RANGE_LOOP_ANALYSIS = YES;
				CLANG_WARN_STRICT_PROTOTYPES = YES;
				CLANG_WARN_SUSPICIOUS_MOVE = YES;
				CLANG_WARN_UNGUARDED_AVAILABILITY = YES_AGGRESSIVE;
				CLANG_WARN_UNREACHABLE_CODE = YES;
				CLANG_WARN__DUPLICATE_METHOD_MATCH = YES;
				COPY_PHASE_STRIP = NO;
				DEBUG_INFORMATION_FORMAT = dwarf;
				ENABLE_STRICT_OBJC_MSGSEND = YES;
				ENABLE_TESTABILITY = YES;
				GCC_C_LANGUAGE_STANDARD = gnu11;
				GCC_DYNAMIC_NO_PIC = NO;
				GCC_NO_COMMON_BLOCKS = YES;
				GCC_OPTIMIZATION_LEVEL = 0;
				GCC_PREPROCESSOR_DEFINITIONS = (
					"DEBUG=1",
					"$(inherited)",
				);
				GCC_WARN_64_TO_32_BIT_CONVERSION = YES;
				GCC_WARN_ABOUT_RETURN_TYPE = YES_ERROR;
				GCC_WARN_UNDECLARED_SELECTOR = YES;
				GCC_WARN_UNINITIALIZED_AUTOS = YES_AGGRESSIVE;
				GCC_WARN_UNUSED_FUNCTION = YES;
				GCC_WARN_UNUSED_VARIABLE = YES;
				IPHONEOS_DEPLOYMENT_TARGET = 15.4;
				MTL_ENABLE_DEBUG_INFO = INCLUDE_SOURCE;
				MTL_FAST_MATH = YES;
				ONLY_ACTIVE_ARCH = YES;
				SDKROOT = iphoneos;
				SWIFT_ACTIVE_COMPILATION_CONDITIONS = DEBUG;
				SWIFT_OPTIMIZATION_LEVEL = "-Onone";
			};
			name = Debug;
		};
		76EFCDB328C1E00F00E7B6AD /* Release */ = {
			isa = XCBuildConfiguration;
			buildSettings = {
				ALWAYS_SEARCH_USER_PATHS = NO;
				CLANG_ANALYZER_NONNULL = YES;
				CLANG_ANALYZER_NUMBER_OBJECT_CONVERSION = YES_AGGRESSIVE;
				CLANG_CXX_LANGUAGE_STANDARD = "gnu++17";
				CLANG_ENABLE_MODULES = YES;
				CLANG_ENABLE_OBJC_ARC = YES;
				CLANG_ENABLE_OBJC_WEAK = YES;
				CLANG_WARN_BLOCK_CAPTURE_AUTORELEASING = YES;
				CLANG_WARN_BOOL_CONVERSION = YES;
				CLANG_WARN_COMMA = YES;
				CLANG_WARN_CONSTANT_CONVERSION = YES;
				CLANG_WARN_DEPRECATED_OBJC_IMPLEMENTATIONS = YES;
				CLANG_WARN_DIRECT_OBJC_ISA_USAGE = YES_ERROR;
				CLANG_WARN_DOCUMENTATION_COMMENTS = YES;
				CLANG_WARN_EMPTY_BODY = YES;
				CLANG_WARN_ENUM_CONVERSION = YES;
				CLANG_WARN_INFINITE_RECURSION = YES;
				CLANG_WARN_INT_CONVERSION = YES;
				CLANG_WARN_NON_LITERAL_NULL_CONVERSION = YES;
				CLANG_WARN_OBJC_IMPLICIT_RETAIN_SELF = YES;
				CLANG_WARN_OBJC_LITERAL_CONVERSION = YES;
				CLANG_WARN_OBJC_ROOT_CLASS = YES_ERROR;
				CLANG_WARN_QUOTED_INCLUDE_IN_FRAMEWORK_HEADER = YES;
				CLANG_WARN_RANGE_LOOP_ANALYSIS = YES;
				CLANG_WARN_STRICT_PROTOTYPES = YES;
				CLANG_WARN_SUSPICIOUS_MOVE = YES;
				CLANG_WARN_UNGUARDED_AVAILABILITY = YES_AGGRESSIVE;
				CLANG_WARN_UNREACHABLE_CODE = YES;
				CLANG_WARN__DUPLICATE_METHOD_MATCH = YES;
				COPY_PHASE_STRIP = NO;
				DEBUG_INFORMATION_FORMAT = "dwarf-with-dsym";
				ENABLE_NS_ASSERTIONS = NO;
				ENABLE_STRICT_OBJC_MSGSEND = YES;
				GCC_C_LANGUAGE_STANDARD = gnu11;
				GCC_NO_COMMON_BLOCKS = YES;
				GCC_WARN_64_TO_32_BIT_CONVERSION = YES;
				GCC_WARN_ABOUT_RETURN_TYPE = YES_ERROR;
				GCC_WARN_UNDECLARED_SELECTOR = YES;
				GCC_WARN_UNINITIALIZED_AUTOS = YES_AGGRESSIVE;
				GCC_WARN_UNUSED_FUNCTION = YES;
				GCC_WARN_UNUSED_VARIABLE = YES;
				IPHONEOS_DEPLOYMENT_TARGET = 15.4;
				MTL_ENABLE_DEBUG_INFO = NO;
				MTL_FAST_MATH = YES;
				SDKROOT = iphoneos;
				SWIFT_COMPILATION_MODE = wholemodule;
				SWIFT_OPTIMIZATION_LEVEL = "-O";
				VALIDATE_PRODUCT = YES;
			};
			name = Release;
		};
		76EFCDB528C1E00F00E7B6AD /* Debug */ = {
			isa = XCBuildConfiguration;
			buildSettings = {
				ASSETCATALOG_COMPILER_APPICON_NAME = AppIcon;
				ASSETCATALOG_COMPILER_GLOBAL_ACCENT_COLOR_NAME = AccentColor;
				CODE_SIGN_STYLE = Automatic;
				CURRENT_PROJECT_VERSION = 1;
				DEVELOPMENT_TEAM = RJ93CKCV9A;
				GENERATE_INFOPLIST_FILE = YES;
				INFOPLIST_FILE = "SeSAC-iphone-memo-app/Info.plist";
				INFOPLIST_KEY_CFBundleDisplayName = "나지운";
				INFOPLIST_KEY_UIApplicationSupportsIndirectInputEvents = YES;
				INFOPLIST_KEY_UILaunchStoryboardName = LaunchScreen;
				INFOPLIST_KEY_UISupportedInterfaceOrientations_iPad = "UIInterfaceOrientationPortrait UIInterfaceOrientationPortraitUpsideDown UIInterfaceOrientationLandscapeLeft UIInterfaceOrientationLandscapeRight";
				INFOPLIST_KEY_UISupportedInterfaceOrientations_iPhone = "UIInterfaceOrientationPortrait UIInterfaceOrientationLandscapeLeft UIInterfaceOrientationLandscapeRight";
				IPHONEOS_DEPLOYMENT_TARGET = 13.0;
				LD_RUNPATH_SEARCH_PATHS = (
					"$(inherited)",
					"@executable_path/Frameworks",
				);
				MARKETING_VERSION = 1.0;
				PRODUCT_BUNDLE_IDENTIFIER = "com.vonreal.SeSAC-iphone-memo-app";
				PRODUCT_NAME = "$(TARGET_NAME)";
				SWIFT_EMIT_LOC_STRINGS = YES;
				SWIFT_VERSION = 5.0;
				TARGETED_DEVICE_FAMILY = 1;
			};
			name = Debug;
		};
		76EFCDB628C1E00F00E7B6AD /* Release */ = {
			isa = XCBuildConfiguration;
			buildSettings = {
				ASSETCATALOG_COMPILER_APPICON_NAME = AppIcon;
				ASSETCATALOG_COMPILER_GLOBAL_ACCENT_COLOR_NAME = AccentColor;
				CODE_SIGN_STYLE = Automatic;
				CURRENT_PROJECT_VERSION = 1;
				DEVELOPMENT_TEAM = RJ93CKCV9A;
				GENERATE_INFOPLIST_FILE = YES;
				INFOPLIST_FILE = "SeSAC-iphone-memo-app/Info.plist";
				INFOPLIST_KEY_CFBundleDisplayName = "나지운";
				INFOPLIST_KEY_UIApplicationSupportsIndirectInputEvents = YES;
				INFOPLIST_KEY_UILaunchStoryboardName = LaunchScreen;
				INFOPLIST_KEY_UISupportedInterfaceOrientations_iPad = "UIInterfaceOrientationPortrait UIInterfaceOrientationPortraitUpsideDown UIInterfaceOrientationLandscapeLeft UIInterfaceOrientationLandscapeRight";
				INFOPLIST_KEY_UISupportedInterfaceOrientations_iPhone = "UIInterfaceOrientationPortrait UIInterfaceOrientationLandscapeLeft UIInterfaceOrientationLandscapeRight";
				IPHONEOS_DEPLOYMENT_TARGET = 13.0;
				LD_RUNPATH_SEARCH_PATHS = (
					"$(inherited)",
					"@executable_path/Frameworks",
				);
				MARKETING_VERSION = 1.0;
				PRODUCT_BUNDLE_IDENTIFIER = "com.vonreal.SeSAC-iphone-memo-app";
				PRODUCT_NAME = "$(TARGET_NAME)";
				SWIFT_EMIT_LOC_STRINGS = YES;
				SWIFT_VERSION = 5.0;
				TARGETED_DEVICE_FAMILY = 1;
			};
			name = Release;
		};
/* End XCBuildConfiguration section */

/* Begin XCConfigurationList section */
		76EFCD9B28C1E00E00E7B6AD /* Build configuration list for PBXProject "SeSAC-iphone-memo-app" */ = {
			isa = XCConfigurationList;
			buildConfigurations = (
				76EFCDB228C1E00F00E7B6AD /* Debug */,
				76EFCDB328C1E00F00E7B6AD /* Release */,
			);
			defaultConfigurationIsVisible = 0;
			defaultConfigurationName = Release;
		};
		76EFCDB428C1E00F00E7B6AD /* Build configuration list for PBXNativeTarget "SeSAC-iphone-memo-app" */ = {
			isa = XCConfigurationList;
			buildConfigurations = (
				76EFCDB528C1E00F00E7B6AD /* Debug */,
				76EFCDB628C1E00F00E7B6AD /* Release */,
			);
			defaultConfigurationIsVisible = 0;
			defaultConfigurationName = Release;
		};
/* End XCConfigurationList section */

/* Begin XCRemoteSwiftPackageReference section */
		76EFCDC228C1ED9500E7B6AD /* XCRemoteSwiftPackageReference "SnapKit" */ = {
			isa = XCRemoteSwiftPackageReference;
			repositoryURL = "https://github.com/SnapKit/SnapKit.git";
			requirement = {
				kind = upToNextMajorVersion;
				minimumVersion = 5.0.0;
			};
		};
/* End XCRemoteSwiftPackageReference section */

/* Begin XCSwiftPackageProductDependency section */
		76EFCDC328C1ED9500E7B6AD /* SnapKit */ = {
			isa = XCSwiftPackageProductDependency;
			package = 76EFCDC228C1ED9500E7B6AD /* XCRemoteSwiftPackageReference "SnapKit" */;
			productName = SnapKit;
		};
/* End XCSwiftPackageProductDependency section */
	};
	rootObject = 76EFCD9828C1E00E00E7B6AD /* Project object */;
}
